
Microsoft Visual Studio Solution File, Format Version 12.00
# Visual Studio Version 16
VisualStudioVersion = 16.0.29613.14
MinimumVisualStudioVersion = 10.0.40219.1
Project("{FAE04EC0-301F-11D3-BF4B-00C04F79EFBC}") = "FarmsApi", "FarmsApi.csproj", "{FC8E07DA-8050-41F5-A7F5-F7140654EEA8}"
EndProject
Project("{E24C65DC-7377-472B-9ABA-BC803B73C61A}") = "site", "..\site\", "{B73171AA-A681-4464-A6EA-543D27937783}"
	ProjectSection(WebsiteProperties) = preProject
		TargetFrameworkMoniker = ".NETFramework,Version%3Dv4.5"
		Debug.AspNetCompiler.VirtualPath = "/localhost_51517"
		Debug.AspNetCompiler.PhysicalPath = "..\site\"
		Debug.AspNetCompiler.TargetPath = "PrecompiledWeb\localhost_51517\"
		Debug.AspNetCompiler.Updateable = "true"
		Debug.AspNetCompiler.ForceOverwrite = "true"
		Debug.AspNetCompiler.FixedNames = "false"
		Debug.AspNetCompiler.Debug = "True"
		Release.AspNetCompiler.VirtualPath = "/localhost_51517"
		Release.AspNetCompiler.PhysicalPath = "..\site\"
		Release.AspNetCompiler.TargetPath = "PrecompiledWeb\localhost_51517\"
		Release.AspNetCompiler.Updateable = "true"
		Release.AspNetCompiler.ForceOverwrite = "true"
		Release.AspNetCompiler.FixedNames = "false"
		Release.AspNetCompiler.Debug = "False"
		VWDPort = "51517"
		SlnRelativePath = "..\site\"
	EndProjectSection
EndProject
Global
	GlobalSection(SolutionConfigurationPlatforms) = preSolution
		Debug|Any CPU = Debug|Any CPU
		Release|Any CPU = Release|Any CPU
	EndGlobalSection
	GlobalSection(ProjectConfigurationPlatforms) = postSolution
		{FC8E07DA-8050-41F5-A7F5-F7140654EEA8}.Debug|Any CPU.ActiveCfg = Debug|Any CPU
		{FC8E07DA-8050-41F5-A7F5-F7140654EEA8}.Debug|Any CPU.Build.0 = Debug|Any CPU
		{FC8E07DA-8050-41F5-A7F5-F7140654EEA8}.Release|Any CPU.ActiveCfg = Release|Any CPU
		{FC8E07DA-8050-41F5-A7F5-F7140654EEA8}.Release|Any CPU.Build.0 = Release|Any CPU
		{B73171AA-A681-4464-A6EA-543D27937783}.Debug|Any CPU.ActiveCfg = Debug|Any CPU
		{B73171AA-A681-4464-A6EA-543D27937783}.Debug|Any CPU.Build.0 = Debug|Any CPU
		{B73171AA-A681-4464-A6EA-543D27937783}.Release|Any CPU.ActiveCfg = Debug|Any CPU
		{B73171AA-A681-4464-A6EA-543D27937783}.Release|Any CPU.Build.0 = Debug|Any CPU
	EndGlobalSection
	GlobalSection(SolutionProperties) = preSolution
		HideSolutionNode = FALSE
	EndGlobalSection
	GlobalSection(ExtensibilityGlobals) = postSolution
		SolutionGuid = {C00E3DC7-B46A-4A2C-A243-37E0F5089CA9}
	EndGlobalSection
EndGlobal
